PODS:
  - convert_native_img_stream (0.0.1):
    - Flutter
  - Flutter (1.0.0)
  - flutter_anycam (0.0.1):
    - Flutter
    - TensorFlowLiteSwift
  - integration_test (0.0.1):
    - Flutter
  - TensorFlowLiteC (2.17.0):
    - TensorFlowLiteC/Core (= 2.17.0)
  - TensorFlowLiteC/Core (2.17.0)
  - TensorFlowLiteSwift (2.17.0):
    - TensorFlowLiteSwift/Core (= 2.17.0)
  - TensorFlowLiteSwift/Core (2.17.0):
    - TensorFlowLiteC (= 2.17.0)
    - TensorFlowLiteSwift/Privacy (= 2.17.0)
  - TensorFlowLiteSwift/Privacy (2.17.0)

DEPENDENCIES:
  - convert_native_img_stream (from `.symlinks/plugins/convert_native_img_stream/ios`)
  - Flutter (from `Flutter`)
  - flutter_anycam (from `.symlinks/plugins/flutter_anycam/ios`)
  - integration_test (from `.symlinks/plugins/integration_test/ios`)

SPEC REPOS:
  trunk:
    - TensorFlowLiteC
    - TensorFlowLiteSwift

EXTERNAL SOURCES:
  convert_native_img_stream:
    :path: ".symlinks/plugins/convert_native_img_stream/ios"
  Flutter:
    :path: Flutter
  flutter_anycam:
    :path: ".symlinks/plugins/flutter_anycam/ios"
  integration_test:
    :path: ".symlinks/plugins/integration_test/ios"

SPEC CHECKSUMS:
  convert_native_img_stream: 394628bfc5e0c7fdfe95c827be25c97219ba42b6
  Flutter: e0871f40cf51350855a761d2e70bf5af5b9b5de7
  flutter_anycam: 23f20721d95a2267c3877af7f0eb67bf9a38b006
  integration_test: 4a889634ef21a45d28d50d622cf412dc6d9f586e
  TensorFlowLiteC: eac6d689a8d391d1b202dc59e3d9165ba64aaf73
  TensorFlowLiteSwift: 723fe42222815e72490c79feeff05305530de393

PODFILE CHECKSUM: 819463e6a0290f5a72f145ba7cde16e8b6ef0796

COCOAPODS: 1.16.2
